
Microsoft Visual Studio Solution File, Format Version 12.00
# Visual Studio 15
VisualStudioVersion = 15.0.28307.1267
MinimumVisualStudioVersion = 10.0.40219.1
Project("{FAE04EC0-301F-11D3-BF4B-00C04F79EFBC}") = "SpamDivider", "SpamDivider\SpamDivider.csproj", "{76FAC019-55EF-46B2-9C0A-46034559503E}"
EndProject
Project("{54435603-DBB4-11D2-8724-00A0C9A8B90C}") = "Spam Divider - Instalador", "SpamDivider\Instalador\Spam Divider - Instalador\Spam Divider - Instalador.vdproj", "{291EF788-92B9-41CC-8D88-7B7C499C2B7D}"
EndProject
Global
	GlobalSection(SolutionConfigurationPlatforms) = preSolution
		Debug|Any CPU = Debug|Any CPU
		Release|Any CPU = Release|Any CPU
	EndGlobalSection
	GlobalSection(ProjectConfigurationPlatforms) = postSolution
		{76FAC019-55EF-46B2-9C0A-46034559503E}.Debug|Any CPU.ActiveCfg = Debug|Any CPU
		{76FAC019-55EF-46B2-9C0A-46034559503E}.Debug|Any CPU.Build.0 = Debug|Any CPU
		{76FAC019-55EF-46B2-9C0A-46034559503E}.Release|Any CPU.ActiveCfg = Release|Any CPU
		{76FAC019-55EF-46B2-9C0A-46034559503E}.Release|Any CPU.Build.0 = Release|Any CPU
		{291EF788-92B9-41CC-8D88-7B7C499C2B7D}.Debug|Any CPU.ActiveCfg = Debug
		{291EF788-92B9-41CC-8D88-7B7C499C2B7D}.Release|Any CPU.ActiveCfg = Release
	EndGlobalSection
	GlobalSection(SolutionProperties) = preSolution
		HideSolutionNode = FALSE
	EndGlobalSection
	GlobalSection(ExtensibilityGlobals) = postSolution
		SolutionGuid = {58786811-5A74-4A47-B1B4-4C70C26F0FA1}
	EndGlobalSection
EndGlobal
